
Microsoft Visual Studio Solution File, Format Version 12.00
# Visual Studio Version 17
VisualStudioVersion = 17.4.33205.214
MinimumVisualStudioVersion = 10.0.40219.1
Project("{9A19103F-16F7-4668-BE54-9A1E7A4F7556}") = "Reminder", "Reminder\Reminder.csproj", "{7A5BAAF2-C8E2-49E3-86E4-C46DFAB443A7}"
EndProject
Project("{FAE04EC0-301F-11D3-BF4B-00C04F79EFBC}") = "Reminder.Service", "Reminder.Service\Reminder.Service.csproj", "{F9F467E2-5430-4308-81A5-9C8D4EE86FF2}"
EndProject
Global
	GlobalSection(SolutionConfigurationPlatforms) = preSolution
		Debug|Any CPU = Debug|Any CPU
		Release|Any CPU = Release|Any CPU
	EndGlobalSection
	GlobalSection(ProjectConfigurationPlatforms) = postSolution
		{7A5BAAF2-C8E2-49E3-86E4-C46DFAB443A7}.Debug|Any CPU.ActiveCfg = Debug|Any CPU
		{7A5BAAF2-C8E2-49E3-86E4-C46DFAB443A7}.Debug|Any CPU.Build.0 = Debug|Any CPU
		{7A5BAAF2-C8E2-49E3-86E4-C46DFAB443A7}.Release|Any CPU.ActiveCfg = Release|Any CPU
		{7A5BAAF2-C8E2-49E3-86E4-C46DFAB443A7}.Release|Any CPU.Build.0 = Release|Any CPU
		{F9F467E2-5430-4308-81A5-9C8D4EE86FF2}.Debug|Any CPU.ActiveCfg = Debug|Any CPU
		{F9F467E2-5430-4308-81A5-9C8D4EE86FF2}.Debug|Any CPU.Build.0 = Debug|Any CPU
		{F9F467E2-5430-4308-81A5-9C8D4EE86FF2}.Release|Any CPU.ActiveCfg = Release|Any CPU
		{F9F467E2-5430-4308-81A5-9C8D4EE86FF2}.Release|Any CPU.Build.0 = Release|Any CPU
	EndGlobalSection
	GlobalSection(SolutionProperties) = preSolution
		HideSolutionNode = FALSE
	EndGlobalSection
	GlobalSection(ExtensibilityGlobals) = postSolution
		SolutionGuid = {37658C3D-D821-4325-A6D6-333AFCD8FC7F}
	EndGlobalSection
EndGlobal
